<?xml version="1.0" encoding="utf-8"?>
<Project ToolsVersion="4.0" xmlns="http://schemas.microsoft.com/developer/msbuild/2003">
  <ItemGroup>
    <Filter Include="Source Files">
      <UniqueIdentifier>{4FC737F1-C7A5-4376-A066-2A32D752A2FF}</UniqueIdentifier>
      <Extensions>cpp;c;cc;cxx;c++;cppm;ixx;def;odl;idl;hpj;bat;asm;asmx</Extensions>
    </Filter>
    <Filter Include="Header Files">
      <UniqueIdentifier>{93995380-89BD-4b04-88EB-625FBE52EBFB}</UniqueIdentifier>
      <Extensions>h;hh;hpp;hxx;h++;hm;inl;inc;ipp;xsd</Extensions>
    </Filter>
    <Filter Include="Resource Files">
      <UniqueIdentifier>{67DA6AB6-F800-4c08-8B7A-83BB121AAD01}</UniqueIdentifier>
      <Extensions>rc;ico;cur;bmp;dlg;rc2;rct;bin;rgs;gif;jpg;jpeg;jpe;resx;tiff;tif;png;wav;mfcribbon-ms</Extensions>
    </Filter>
  </ItemGroup>
  <ItemGroup>
    <ClCompile Include="src\cflat.cpp">
      <Filter>Source Files</Filter>
    </ClCompile>
    <ClCompile Include="src\interop\interop-service.cpp">
      <Filter>Source Files</Filter>
    </ClCompile>
    <ClCompile Include="src\audio\audio-engine-service.cpp">
      <Filter>Source Files</Filter>
    </ClCompile>
    <ClCompile Include="src\audio\sound-service.cpp">
      <Filter>Source Files</Filter>
    </ClCompile>
    <ClCompile Include="src\interop\interop-constants.cpp">
      <Filter>Source Files</Filter>
    </ClCompile>
    <ClCompile Include="src\logging\logging-service.cpp">
      <Filter>Source Files</Filter>
    </ClCompile>
  </ItemGroup>
  <ItemGroup>
    <Library Include="lib\CFlat.Application.lib" />
    <Library Include="lib\CFlat.Core.lib" />
    <Library Include="lib\fmod_vc.lib" />
    <Library Include="lib\fmodL_vc.lib" />
  </ItemGroup>
  <ItemGroup>
    <CopyFileToFolders Include="lib\CFlat.Application.dll" />
    <CopyFileToFolders Include="lib\CFlat.Core.dll" />
    <CopyFileToFolders Include="lib\fmod.dll" />
    <CopyFileToFolders Include="lib\fmodL.dll" />
  </ItemGroup>
  <ItemGroup>
    <ClInclude Include="src\cflat.h">
      <Filter>Header Files</Filter>
    </ClInclude>
    <ClInclude Include="src\interop\interop-service.h">
      <Filter>Header Files</Filter>
    </ClInclude>
    <ClInclude Include="src\audio\audio-engine-service.h">
      <Filter>Header Files</Filter>
    </ClInclude>
    <ClInclude Include="src\interop\interop-constants.h">
      <Filter>Header Files</Filter>
    </ClInclude>
    <ClInclude Include="src\audio\sound-service.h">
      <Filter>Header Files</Filter>
    </ClInclude>
    <ClInclude Include="src\logging\logging-service.h">
      <Filter>Header Files</Filter>
    </ClInclude>
  </ItemGroup>
</Project>